<?xml version="1.0" encoding="UTF-8"?>
<CodeBlocks_project_file>
	<FileVersion major="1" minor="6"/>
	<Project>
		<Option title="MP"/>
		<Option makefile_is_custom="1"/>
		<Option compiler="gcc"/>
		<Option virtualFolders="CMake Files\;"/>
		<Build>
			<Target title="all">
				<Option working_dir="/Users/fibonacci/Desktop/Mines/Fall-2021/Computer Graphics/Projects/CSCI446MP"/>
				<Option type="4"/>
				<MakeCommands>
					<Build command="/usr/bin/make -f &quot;/Users/fibonacci/Desktop/Mines/Fall-2021/Computer\ Graphics/Projects/CSCI446MP/Makefile&quot;  VERBOSE=1 all"/>
					<CompileFile command="/usr/bin/make -f &quot;/Users/fibonacci/Desktop/Mines/Fall-2021/Computer\ Graphics/Projects/CSCI446MP/Makefile&quot;  VERBOSE=1 &quot;$file&quot;"/>
					<Clean command="/usr/bin/make -f &quot;/Users/fibonacci/Desktop/Mines/Fall-2021/Computer\ Graphics/Projects/CSCI446MP/Makefile&quot;  VERBOSE=1 clean"/>
					<DistClean command="/usr/bin/make -f &quot;/Users/fibonacci/Desktop/Mines/Fall-2021/Computer\ Graphics/Projects/CSCI446MP/Makefile&quot;  VERBOSE=1 clean"/>
				</MakeCommands>
			</Target>
			<Target title="rebuild_cache">
				<Option working_dir="/Users/fibonacci/Desktop/Mines/Fall-2021/Computer Graphics/Projects/CSCI446MP"/>
				<Option type="4"/>
				<MakeCommands>
					<Build command="/usr/bin/make -f &quot;/Users/fibonacci/Desktop/Mines/Fall-2021/Computer\ Graphics/Projects/CSCI446MP/Makefile&quot;  VERBOSE=1 rebuild_cache"/>
					<CompileFile command="/usr/bin/make -f &quot;/Users/fibonacci/Desktop/Mines/Fall-2021/Computer\ Graphics/Projects/CSCI446MP/Makefile&quot;  VERBOSE=1 &quot;$file&quot;"/>
					<Clean command="/usr/bin/make -f &quot;/Users/fibonacci/Desktop/Mines/Fall-2021/Computer\ Graphics/Projects/CSCI446MP/Makefile&quot;  VERBOSE=1 clean"/>
					<DistClean command="/usr/bin/make -f &quot;/Users/fibonacci/Desktop/Mines/Fall-2021/Computer\ Graphics/Projects/CSCI446MP/Makefile&quot;  VERBOSE=1 clean"/>
				</MakeCommands>
			</Target>
			<Target title="edit_cache">
				<Option working_dir="/Users/fibonacci/Desktop/Mines/Fall-2021/Computer Graphics/Projects/CSCI446MP"/>
				<Option type="4"/>
				<MakeCommands>
					<Build command="/usr/bin/make -f &quot;/Users/fibonacci/Desktop/Mines/Fall-2021/Computer\ Graphics/Projects/CSCI446MP/Makefile&quot;  VERBOSE=1 edit_cache"/>
					<CompileFile command="/usr/bin/make -f &quot;/Users/fibonacci/Desktop/Mines/Fall-2021/Computer\ Graphics/Projects/CSCI446MP/Makefile&quot;  VERBOSE=1 &quot;$file&quot;"/>
					<Clean command="/usr/bin/make -f &quot;/Users/fibonacci/Desktop/Mines/Fall-2021/Computer\ Graphics/Projects/CSCI446MP/Makefile&quot;  VERBOSE=1 clean"/>
					<DistClean command="/usr/bin/make -f &quot;/Users/fibonacci/Desktop/Mines/Fall-2021/Computer\ Graphics/Projects/CSCI446MP/Makefile&quot;  VERBOSE=1 clean"/>
				</MakeCommands>
			</Target>
			<Target title="MP">
				<Option output="/Users/fibonacci/Desktop/Mines/Fall-2021/Computer Graphics/Projects/CSCI446MP/MP" prefix_auto="0" extension_auto="0"/>
				<Option working_dir="/Users/fibonacci/Desktop/Mines/Fall-2021/Computer Graphics/Projects/CSCI446MP"/>
				<Option object_output="./"/>
				<Option type="1"/>
				<Option compiler="gcc"/>
				<Compiler>
					<Add directory="/Users/fibonacci/Desktop/Mines/Fall-2021/Computer Graphics/Projects/CSCI446MP/include"/>
					<Add directory="/usr/local/include"/>
				</Compiler>
				<MakeCommands>
					<Build command="/usr/bin/make -f &quot;/Users/fibonacci/Desktop/Mines/Fall-2021/Computer\ Graphics/Projects/CSCI446MP/Makefile&quot;  VERBOSE=1 MP"/>
					<CompileFile command="/usr/bin/make -f &quot;/Users/fibonacci/Desktop/Mines/Fall-2021/Computer\ Graphics/Projects/CSCI446MP/Makefile&quot;  VERBOSE=1 &quot;$file&quot;"/>
					<Clean command="/usr/bin/make -f &quot;/Users/fibonacci/Desktop/Mines/Fall-2021/Computer\ Graphics/Projects/CSCI446MP/Makefile&quot;  VERBOSE=1 clean"/>
					<DistClean command="/usr/bin/make -f &quot;/Users/fibonacci/Desktop/Mines/Fall-2021/Computer\ Graphics/Projects/CSCI446MP/Makefile&quot;  VERBOSE=1 clean"/>
				</MakeCommands>
			</Target>
			<Target title="MP/fast">
				<Option output="/Users/fibonacci/Desktop/Mines/Fall-2021/Computer Graphics/Projects/CSCI446MP/MP" prefix_auto="0" extension_auto="0"/>
				<Option working_dir="/Users/fibonacci/Desktop/Mines/Fall-2021/Computer Graphics/Projects/CSCI446MP"/>
				<Option object_output="./"/>
				<Option type="1"/>
				<Option compiler="gcc"/>
				<Compiler>
					<Add directory="/Users/fibonacci/Desktop/Mines/Fall-2021/Computer Graphics/Projects/CSCI446MP/include"/>
					<Add directory="/usr/local/include"/>
				</Compiler>
				<MakeCommands>
					<Build command="/usr/bin/make -f &quot;/Users/fibonacci/Desktop/Mines/Fall-2021/Computer\ Graphics/Projects/CSCI446MP/Makefile&quot;  VERBOSE=1 MP/fast"/>
					<CompileFile command="/usr/bin/make -f &quot;/Users/fibonacci/Desktop/Mines/Fall-2021/Computer\ Graphics/Projects/CSCI446MP/Makefile&quot;  VERBOSE=1 &quot;$file&quot;"/>
					<Clean command="/usr/bin/make -f &quot;/Users/fibonacci/Desktop/Mines/Fall-2021/Computer\ Graphics/Projects/CSCI446MP/Makefile&quot;  VERBOSE=1 clean"/>
					<DistClean command="/usr/bin/make -f &quot;/Users/fibonacci/Desktop/Mines/Fall-2021/Computer\ Graphics/Projects/CSCI446MP/Makefile&quot;  VERBOSE=1 clean"/>
				</MakeCommands>
			</Target>
		</Build>
		<Unit filename="/Users/fibonacci/Desktop/Mines/Fall-2021/Computer Graphics/Projects/CSCI446MP/Car.cpp">
			<Option target="MP"/>
		</Unit>
		<Unit filename="/Users/fibonacci/Desktop/Mines/Fall-2021/Computer Graphics/Projects/CSCI446MP/Car.hpp">
			<Option target="MP"/>
		</Unit>
		<Unit filename="/Users/fibonacci/Desktop/Mines/Fall-2021/Computer Graphics/Projects/CSCI446MP/Eeyore/eeyore.cpp">
			<Option target="MP"/>
		</Unit>
		<Unit filename="/Users/fibonacci/Desktop/Mines/Fall-2021/Computer Graphics/Projects/CSCI446MP/Eeyore/eeyore.hpp">
			<Option target="MP"/>
		</Unit>
		<Unit filename="/Users/fibonacci/Desktop/Mines/Fall-2021/Computer Graphics/Projects/CSCI446MP/HeroType.hpp">
			<Option target="MP"/>
		</Unit>
		<Unit filename="/Users/fibonacci/Desktop/Mines/Fall-2021/Computer Graphics/Projects/CSCI446MP/HeroVirtual.h">
			<Option target="MP"/>
		</Unit>
		<Unit filename="/Users/fibonacci/Desktop/Mines/Fall-2021/Computer Graphics/Projects/CSCI446MP/MPEngine.cpp">
			<Option target="MP"/>
		</Unit>
		<Unit filename="/Users/fibonacci/Desktop/Mines/Fall-2021/Computer Graphics/Projects/CSCI446MP/MPEngine.hpp">
			<Option target="MP"/>
		</Unit>
		<Unit filename="/Users/fibonacci/Desktop/Mines/Fall-2021/Computer Graphics/Projects/CSCI446MP/ShaderLocations.hpp">
			<Option target="MP"/>
		</Unit>
		<Unit filename="/Users/fibonacci/Desktop/Mines/Fall-2021/Computer Graphics/Projects/CSCI446MP/main.cpp">
			<Option target="MP"/>
		</Unit>
		<Unit filename="/Users/fibonacci/Desktop/Mines/Fall-2021/Computer Graphics/Projects/CSCI446MP/the_warrior/TheWarrior.cpp">
			<Option target="MP"/>
		</Unit>
		<Unit filename="/Users/fibonacci/Desktop/Mines/Fall-2021/Computer Graphics/Projects/CSCI446MP/the_warrior/TheWarrior.hpp">
			<Option target="MP"/>
		</Unit>
		<Unit filename="/Users/fibonacci/Desktop/Mines/Fall-2021/Computer Graphics/Projects/CSCI446MP/CMakeLists.txt">
			<Option virtualFolder="CMake Files\"/>
		</Unit>
	</Project>
</CodeBlocks_project_file>
